
Microsoft Visual Studio Solution File, Format Version 12.00
# Visual Studio Version 17
VisualStudioVersion = 17.3.32519.111
MinimumVisualStudioVersion = 10.0.40219.1
Project("{9A19103F-16F7-4668-BE54-9A1E7A4F7556}") = "Wedding", "Wedding\Wedding.csproj", "{24DF9BBE-3EF4-4E7F-ABDA-64C8251EF81A}"
EndProject
Project("{E53339B2-1760-4266-BCC7-CA923CBCF16C}") = "docker-compose", "docker-compose.dcproj", "{FBBB7357-9E5B-41D5-9741-49EE7E8D4489}"
EndProject
Global
	GlobalSection(SolutionConfigurationPlatforms) = preSolution
		Debug|Any CPU = Debug|Any CPU
		Release|Any CPU = Release|Any CPU
	EndGlobalSection
	GlobalSection(ProjectConfigurationPlatforms) = postSolution
		{24DF9BBE-3EF4-4E7F-ABDA-64C8251EF81A}.Debug|Any CPU.ActiveCfg = Debug|Any CPU
		{24DF9BBE-3EF4-4E7F-ABDA-64C8251EF81A}.Debug|Any CPU.Build.0 = Debug|Any CPU
		{24DF9BBE-3EF4-4E7F-ABDA-64C8251EF81A}.Release|Any CPU.ActiveCfg = Release|Any CPU
		{24DF9BBE-3EF4-4E7F-ABDA-64C8251EF81A}.Release|Any CPU.Build.0 = Release|Any CPU
		{FBBB7357-9E5B-41D5-9741-49EE7E8D4489}.Debug|Any CPU.ActiveCfg = Debug|Any CPU
		{FBBB7357-9E5B-41D5-9741-49EE7E8D4489}.Debug|Any CPU.Build.0 = Debug|Any CPU
		{FBBB7357-9E5B-41D5-9741-49EE7E8D4489}.Release|Any CPU.ActiveCfg = Release|Any CPU
		{FBBB7357-9E5B-41D5-9741-49EE7E8D4489}.Release|Any CPU.Build.0 = Release|Any CPU
	EndGlobalSection
	GlobalSection(SolutionProperties) = preSolution
		HideSolutionNode = FALSE
	EndGlobalSection
	GlobalSection(ExtensibilityGlobals) = postSolution
		SolutionGuid = {36AC1293-84E0-4981-988C-BA2D17533C02}
	EndGlobalSection
EndGlobal
